
Microsoft Visual Studio Solution File, Format Version 12.00
# Visual Studio Version 16
VisualStudioVersion = 16.0.31112.23
MinimumVisualStudioVersion = 10.0.40219.1
Project("{FAE04EC0-301F-11D3-BF4B-00C04F79EFBC}") = "MongoDbPractice", "MongoDbPractice\MongoDbPractice.csproj", "{B7349D1E-8F4C-4EAD-A0FA-8B91AB1F6FAA}"
EndProject
Global
	GlobalSection(SolutionConfigurationPlatforms) = preSolution
		Debug|Any CPU = Debug|Any CPU
		Release|Any CPU = Release|Any CPU
	EndGlobalSection
	GlobalSection(ProjectConfigurationPlatforms) = postSolution
		{B7349D1E-8F4C-4EAD-A0FA-8B91AB1F6FAA}.Debug|Any CPU.ActiveCfg = Debug|Any CPU
		{B7349D1E-8F4C-4EAD-A0FA-8B91AB1F6FAA}.Debug|Any CPU.Build.0 = Debug|Any CPU
		{B7349D1E-8F4C-4EAD-A0FA-8B91AB1F6FAA}.Release|Any CPU.ActiveCfg = Release|Any CPU
		{B7349D1E-8F4C-4EAD-A0FA-8B91AB1F6FAA}.Release|Any CPU.Build.0 = Release|Any CPU
	EndGlobalSection
	GlobalSection(SolutionProperties) = preSolution
		HideSolutionNode = FALSE
	EndGlobalSection
	GlobalSection(ExtensibilityGlobals) = postSolution
		SolutionGuid = {51B20CD6-8B7F-41CA-98DB-99930A2336C8}
	EndGlobalSection
EndGlobal
